# This file is automatically @generated by Poetry 1.5.1 and should not be changed by hand.

[[package]]
name = "et-xmlfile"
version = "1.1.0"
description = "An implementation of lxml.xmlfile for the standard library"
optional = false
python-versions = ">=3.6"
files = [
    {file = "et_xmlfile-1.1.0-py3-none-any.whl", hash = "sha256:a2ba85d1d6a74ef63837eed693bcb89c3f752169b0e3e7ae5b16ca5e1b3deada"},
    {file = "et_xmlfile-1.1.0.tar.gz", hash = "sha256:8eb9e2bc2f8c97e37a2dc85a09ecdcdec9d8a396530a6d5a33b30b9a92da0c5c"},
]

[[package]]
name = "isodate"
version = "0.6.1"
description = "An ISO 8601 date/time/duration parser and formatter"
optional = false
python-versions = "*"
files = [
    {file = "isodate-0.6.1-py2.py3-none-any.whl", hash = "sha256:0751eece944162659049d35f4f549ed815792b38793f07cf73381c1c87cbed96"},
    {file = "isodate-0.6.1.tar.gz", hash = "sha256:48c5881de7e8b0a0d648cb024c8062dc84e7b840ed81e864c7614fd3c127bde9"},
]

[package.dependencies]
six = "*"

[[package]]
name = "langcodes"
version = "3.3.0"
description = "Tools for labeling human languages with IETF language tags"
optional = false
python-versions = ">=3.6"
files = [
    {file = "langcodes-3.3.0-py3-none-any.whl", hash = "sha256:4d89fc9acb6e9c8fdef70bcdf376113a3db09b67285d9e1d534de6d8818e7e69"},
    {file = "langcodes-3.3.0.tar.gz", hash = "sha256:794d07d5a28781231ac335a1561b8442f8648ca07cd518310aeb45d6f0807ef6"},
]

[package.dependencies]
language-data = {version = ">=1.1,<2.0", optional = true, markers = "extra == \"data\""}

[package.extras]
data = ["language-data (>=1.1,<2.0)"]

[[package]]
name = "language-data"
version = "1.1"
description = "Supplementary data about languages used by the langcodes module"
optional = false
python-versions = ">=3.6"
files = [
    {file = "language_data-1.1-py3-none-any.whl", hash = "sha256:f7ba86fafe099ef213ef597eda483d5227b12446604a61f617122d6c925847d5"},
    {file = "language_data-1.1.tar.gz", hash = "sha256:c1f5283c46bba68befa37505857a3f672497aba0c522b37d99367e911232455b"},
]

[package.dependencies]
marisa-trie = ">=0.7.7,<0.8.0"

[[package]]
name = "marisa-trie"
version = "0.7.8"
description = "Static memory-efficient and fast Trie-like structures for Python."
optional = false
python-versions = ">=2.7, !=3.0.*, !=3.1.*, !=3.2.*, !=3.3.*"
files = [
    {file = "marisa-trie-0.7.8.tar.gz", hash = "sha256:aee3de5f2836074cfd803f1caf16f68390f262ef09cd7dc7d0e8aee9b6878643"},
    {file = "marisa_trie-0.7.8-cp310-cp310-macosx_10_9_universal2.whl", hash = "sha256:2f1cf9d5ead4471b149fdb93a1c84eddaa941d23e67b0782091adc222d198a87"},
    {file = "marisa_trie-0.7.8-cp310-cp310-macosx_10_9_x86_64.whl", hash = "sha256:73296b4d6d8ce2f6bc3898fe84348756beddb10cb56442391d050bff135e9c4c"},
    {file = "marisa_trie-0.7.8-cp310-cp310-macosx_11_0_arm64.whl", hash = "sha256:782c1515caa603656e15779bc61d5db3b079fa4270ad77f464908796e0d940aa"},
    {file = "marisa_trie-0.7.8-cp310-cp310-manylinux_2_17_x86_64.manylinux2014_x86_64.whl", hash = "sha256:49131e51aad530e4d47c716cef1bbef15a4e5b8f75bddfcdd7903f5043ef2331"},
    {file = "marisa_trie-0.7.8-cp310-cp310-manylinux_2_5_i686.manylinux1_i686.manylinux_2_17_i686.manylinux2014_i686.whl", hash = "sha256:45b0a38e015d0149141f028b8892ab518946b828c7931685199549294f5893ca"},
    {file = "marisa_trie-0.7.8-cp310-cp310-musllinux_1_1_i686.whl", hash = "sha256:a537e0efff1ec880bc212390e97f1d35832a44bd78c96807ddb685d538875096"},
    {file = "marisa_trie-0.7.8-cp310-cp310-musllinux_1_1_x86_64.whl", hash = "sha256:5c2a33ede2655f1a6fb840729128cb4bc48829108711f79b7a645b6c0c54b5c2"},
    {file = "marisa_trie-0.7.8-cp310-cp310-win32.whl", hash = "sha256:7200cde8e2040811e98661a60463b296b76a6b224411f8899aa0850085e6af40"},
    {file = "marisa_trie-0.7.8-cp310-cp310-win_amd64.whl", hash = "sha256:a432607bae139183c7251da7eb22f761440bc07d92eacc9e9f7dc0d87f70c495"},
    {file = "marisa_trie-0.7.8-cp311-cp311-macosx_10_9_universal2.whl", hash = "sha256:a891d2841da153b98c6c7fbe0a89ea8edbc164bdc96a001f360bdcdd54e2070d"},
    {file = "marisa_trie-0.7.8-cp311-cp311-macosx_10_9_x86_64.whl", hash = "sha256:c9ab632c5caef23a59cd43c76ab59e325f9eadd1e9c8b1c34005b9756ae716ee"},
    {file = "marisa_trie-0.7.8-cp311-cp311-macosx_11_0_arm64.whl", hash = "sha256:68087942e95acb5801f2a5e9a874aa57af27a4afb52aca81fe1cbe22b2a2fd38"},
    {file = "marisa_trie-0.7.8-cp311-cp311-manylinux_2_17_x86_64.manylinux2014_x86_64.whl", hash = "sha256:0ef2c4a5023bb6ddbaf1803187b7fb3108e9955aa9c60564504e5f622517c9e7"},
    {file = "marisa_trie-0.7.8-cp311-cp311-manylinux_2_5_i686.manylinux1_i686.manylinux_2_17_i686.manylinux2014_i686.whl", hash = "sha256:24e873619f61bef6a87c669ae459b79d98822270e8a10b21fc52dddf2acc9a46"},
    {file = "marisa_trie-0.7.8-cp311-cp311-musllinux_1_1_i686.whl", hash = "sha256:34189c321f30cefb76a6b20c7f055b3f6cd0bc8378c16ba8b7283fd898bf4ac2"},
    {file = "marisa_trie-0.7.8-cp311-cp311-musllinux_1_1_x86_64.whl", hash = "sha256:396555d5f52dc86c65717052573fa2875e10f9e5dd014f825677beadcaec8248"},
    {file = "marisa_trie-0.7.8-cp311-cp311-win32.whl", hash = "sha256:bfe649b02b6318bac572b86d9ddd8276c594411311f8e5ef2edc4bcd7285a06f"},
    {file = "marisa_trie-0.7.8-cp311-cp311-win_amd64.whl", hash = "sha256:84991b52a187d09b269c4caefc8b857a81156c44997eec7eac0e2862d108cc20"},
    {file = "marisa_trie-0.7.8-cp36-cp36m-macosx_10_9_x86_64.whl", hash = "sha256:0555104fe9f414abb12e967322a13df778b21958d1727470f4c8dedfde76a8f2"},
    {file = "marisa_trie-0.7.8-cp36-cp36m-manylinux_2_17_x86_64.manylinux2014_x86_64.whl", hash = "sha256:f96531013252bca14f7665f67aa642be113b6c348ada5e167ebf8db27b1551b5"},
    {file = "marisa_trie-0.7.8-cp36-cp36m-manylinux_2_5_i686.manylinux1_i686.manylinux_2_17_i686.manylinux2014_i686.whl", hash = "sha256:4ed76391b132c6261cfb402c1a08679e635d09a0a142dae2c1744d816f103c7f"},
    {file = "marisa_trie-0.7.8-cp36-cp36m-musllinux_1_1_i686.whl", hash = "sha256:e6232506b4d66da932f70cf359a4c5ba9e086228ccd97b602159e90c6ea53dab"},
    {file = "marisa_trie-0.7.8-cp36-cp36m-musllinux_1_1_x86_64.whl", hash = "sha256:34f927f2738d0b402b76821895254e6a164d5020042559f7d910f6632829cdfa"},
    {file = "marisa_trie-0.7.8-cp36-cp36m-win32.whl", hash = "sha256:645908879ae8fcadfb51650fc176902b9e68eee9a8c4d4d8c682cf99ce3ff029"},
    {file = "marisa_trie-0.7.8-cp36-cp36m-win_amd64.whl", hash = "sha256:a5bf2912810e135ce1e60a9b56a179ed62258306103bf5dd3186307f5c51b28f"},
    {file = "marisa_trie-0.7.8-cp37-cp37m-macosx_10_9_x86_64.whl", hash = "sha256:bd86212d5037973deda057fc29d60e83dca05e68fa1e7ceaf014c513975c7a0d"},
    {file = "marisa_trie-0.7.8-cp37-cp37m-manylinux_2_17_x86_64.manylinux2014_x86_64.whl", hash = "sha256:5f280f059be417cff81ac030db6a002f8a93093c7ca4555e570d43a24ed45514"},
    {file = "marisa_trie-0.7.8-cp37-cp37m-manylinux_2_5_i686.manylinux1_i686.manylinux_2_17_i686.manylinux2014_i686.whl", hash = "sha256:1ae35c696f3c5b57c5fe4f73725102f3fe884bc658b854d484dfe6d7e72c86f5"},
    {file = "marisa_trie-0.7.8-cp37-cp37m-musllinux_1_1_i686.whl", hash = "sha256:524c02f398d361aaf85d8f7709b5ac6de68d020c588fb6c087fb171137643c13"},
    {file = "marisa_trie-0.7.8-cp37-cp37m-musllinux_1_1_x86_64.whl", hash = "sha256:353113e811ccfa176fbb611b83671f0b3b40f46b3896b096c10e43f65d35916d"},
    {file = "marisa_trie-0.7.8-cp37-cp37m-win32.whl", hash = "sha256:93172a7314d4d5993970dbafb746f23140d3abfa0d93cc174e766a302d125f7d"},
    {file = "marisa_trie-0.7.8-cp37-cp37m-win_amd64.whl", hash = "sha256:579d69981b18f427bd8e540199c4de400a2bd4ae98e96c814a12cbf766e7029b"},
    {file = "marisa_trie-0.7.8-cp38-cp38-macosx_10_9_universal2.whl", hash = "sha256:08858920d0e09ca07d239252884fd72db2abb56c35ff463145ffc9c1277a4f34"},
    {file = "marisa_trie-0.7.8-cp38-cp38-macosx_10_9_x86_64.whl", hash = "sha256:a1b4d07158a3f9b4e84ee709a1fa86b9e11f3dd3b1e6fc45493195105a029545"},
    {file = "marisa_trie-0.7.8-cp38-cp38-macosx_11_0_arm64.whl", hash = "sha256:f0359f392679774d1ff014f12efdf48da5d661e6241531ff55a3ae5a72a1137e"},
    {file = "marisa_trie-0.7.8-cp38-cp38-manylinux_2_17_x86_64.manylinux2014_x86_64.whl", hash = "sha256:6c1daaa8c38423fbd119db6654f92740d5ee40d1185a2bbc47afae6712b9ebfc"},
    {file = "marisa_trie-0.7.8-cp38-cp38-manylinux_2_5_i686.manylinux1_i686.manylinux_2_17_i686.manylinux2014_i686.whl", hash = "sha256:266bf4b6e00b4cff2b8618533919d38b883127f4e5c0af0e0bd78a042093dd99"},
    {file = "marisa_trie-0.7.8-cp38-cp38-musllinux_1_1_i686.whl", hash = "sha256:fd7e71d8d85d04d2a5d23611663b2d322b60c98c2edab7e9ef9a2019f7435c5b"},
    {file = "marisa_trie-0.7.8-cp38-cp38-musllinux_1_1_x86_64.whl", hash = "sha256:66b13382be3c277f32143e6c814344118721c7954b2bfb57f5cfe93d17e63c9e"},
    {file = "marisa_trie-0.7.8-cp38-cp38-win32.whl", hash = "sha256:d75b5d642b3d1e47a0ab649fb5eb6bf3681a5e1d3793c8ea7546586ab72731fd"},
    {file = "marisa_trie-0.7.8-cp38-cp38-win_amd64.whl", hash = "sha256:07c14c88fde8a0ac55139f9fe763dc0deabc4b7950047719ae986ca62135e1fb"},
    {file = "marisa_trie-0.7.8-cp39-cp39-macosx_10_9_universal2.whl", hash = "sha256:c8df5238c7b29498f4ee24fd3ee25e0129b3c56beaed1dd1628bce0ebac8ec8c"},
    {file = "marisa_trie-0.7.8-cp39-cp39-macosx_10_9_x86_64.whl", hash = "sha256:db2bdc480d83a1a566b3a64027f9fb34eae98bfe45788c41a45e99d430cbf48a"},
    {file = "marisa_trie-0.7.8-cp39-cp39-macosx_11_0_arm64.whl", hash = "sha256:80b22bdbebc3e6677e83db1352e4f6d478364107874c031a34a961437ead4e93"},
    {file = "marisa_trie-0.7.8-cp39-cp39-manylinux_2_17_x86_64.manylinux2014_x86_64.whl", hash = "sha256:6412c816be723a0f11dd41225a30a08182cf2b3b7b3c882c44335003bde47003"},
    {file = "marisa_trie-0.7.8-cp39-cp39-manylinux_2_5_i686.manylinux1_i686.manylinux_2_17_i686.manylinux2014_i686.whl", hash = "sha256:6fcdb7f802db43857df3825c4c11acd14bb380deb961ff91e260950886531400"},
    {file = "marisa_trie-0.7.8-cp39-cp39-musllinux_1_1_i686.whl", hash = "sha256:5cf04156f38dc46f0f14423f98559c5def7d83f3a30f8a580c27ad3b0311ce76"},
    {file = "marisa_trie-0.7.8-cp39-cp39-musllinux_1_1_x86_64.whl", hash = "sha256:c53b1d02f4974ecb52c6e8c6f4f1dbf3a15e79bc3861f4ad48b14e4e77c82342"},
    {file = "marisa_trie-0.7.8-cp39-cp39-win32.whl", hash = "sha256:75317347f20bf05ab2ce5537a90989b1439b5e1752f558aad7b5d6b43194429b"},
    {file = "marisa_trie-0.7.8-cp39-cp39-win_amd64.whl", hash = "sha256:82ba3caed5acfdff6a23d6881cc1927776b7320415261b6b24f48d0a190ab890"},
    {file = "marisa_trie-0.7.8-pp37-pypy37_pp73-macosx_10_9_x86_64.whl", hash = "sha256:43abd082a21295b04859705b088d15acac8956587557680850e3149a79e36789"},
    {file = "marisa_trie-0.7.8-pp37-pypy37_pp73-manylinux_2_17_x86_64.manylinux2014_x86_64.whl", hash = "sha256:d0d891f0138e5aecc9c5afb7b0a57c758e22c5b5c7c0edb0a1f21ae933259815"},
    {file = "marisa_trie-0.7.8-pp37-pypy37_pp73-manylinux_2_5_i686.manylinux1_i686.manylinux_2_17_i686.manylinux2014_i686.whl", hash = "sha256:9031184fe2215b591a6cdefe5d6d4901806fd7359e813c485a7ff25ea69d603c"},
    {file = "marisa_trie-0.7.8-pp37-pypy37_pp73-win_amd64.whl", hash = "sha256:8ccb3ba8a2a589b8a7aed693d564f20a6d3bbbb552975f904ba311cea6b85706"},
    {file = "marisa_trie-0.7.8-pp38-pypy38_pp73-macosx_10_9_x86_64.whl", hash = "sha256:f49a2cba047e643e5cd295d75de59f1df710c5e919cd376ac06ead513439881b"},
    {file = "marisa_trie-0.7.8-pp38-pypy38_pp73-manylinux_2_17_x86_64.manylinux2014_x86_64.whl", hash = "sha256:d37ea556bb99d9b0dfbe8fd6bdb17e91b91d04531be9e3b8b1b7b7f76ea55637"},
    {file = "marisa_trie-0.7.8-pp38-pypy38_pp73-manylinux_2_5_i686.manylinux1_i686.manylinux_2_17_i686.manylinux2014_i686.whl", hash = "sha256:55a5aea422a4c0c9ef143d3703323f2a43b4a5315fc90bbb6e9ff18544b8d931"},
    {file = "marisa_trie-0.7.8-pp38-pypy38_pp73-win_amd64.whl", hash = "sha256:d19f363b981fe9b4a302060a8088fd1f00906bc315db24f5d6726b5c309cc47e"},
    {file = "marisa_trie-0.7.8-pp39-pypy39_pp73-macosx_10_9_x86_64.whl", hash = "sha256:e0d51c31fb41b6bc76c1abb7cf2d63a6e0ba7feffc96ea3d92b4d5084d71721a"},
    {file = "marisa_trie-0.7.8-pp39-pypy39_pp73-manylinux_2_17_x86_64.manylinux2014_x86_64.whl", hash = "sha256:71ed6286e9d593dac035b8516e7ec35a1b54a7d9c6451a9319e918a8ef722714"},
    {file = "marisa_trie-0.7.8-pp39-pypy39_pp73-manylinux_2_5_i686.manylinux1_i686.manylinux_2_17_i686.manylinux2014_i686.whl", hash = "sha256:cc1c1dca06c0fdcca5bb261a09eca2b3bcf41eaeb467caf600ac68e77d3ed2c0"},
    {file = "marisa_trie-0.7.8-pp39-pypy39_pp73-win_amd64.whl", hash = "sha256:891be5569cd6e3a059c2de53d63251aaaef513d68e8d2181f71378f9cb69e1ab"},
]

[package.dependencies]
setuptools = "*"

[package.extras]
test = ["hypothesis", "pytest", "readme-renderer"]

[[package]]
name = "numpy"
version = "1.25.0"
description = "Fundamental package for array computing in Python"
optional = false
python-versions = ">=3.9"
files = [
    {file = "numpy-1.25.0-cp310-cp310-macosx_10_9_x86_64.whl", hash = "sha256:8aa130c3042052d656751df5e81f6d61edff3e289b5994edcf77f54118a8d9f4"},
    {file = "numpy-1.25.0-cp310-cp310-macosx_11_0_arm64.whl", hash = "sha256:9e3f2b96e3b63c978bc29daaa3700c028fe3f049ea3031b58aa33fe2a5809d24"},
    {file = "numpy-1.25.0-cp310-cp310-manylinux_2_17_aarch64.manylinux2014_aarch64.whl", hash = "sha256:d6b267f349a99d3908b56645eebf340cb58f01bd1e773b4eea1a905b3f0e4208"},
    {file = "numpy-1.25.0-cp310-cp310-manylinux_2_17_x86_64.manylinux2014_x86_64.whl", hash = "sha256:4aedd08f15d3045a4e9c648f1e04daca2ab1044256959f1f95aafeeb3d794c16"},
    {file = "numpy-1.25.0-cp310-cp310-musllinux_1_1_x86_64.whl", hash = "sha256:6d183b5c58513f74225c376643234c369468e02947b47942eacbb23c1671f25d"},
    {file = "numpy-1.25.0-cp310-cp310-win32.whl", hash = "sha256:d76a84998c51b8b68b40448ddd02bd1081bb33abcdc28beee6cd284fe11036c6"},
    {file = "numpy-1.25.0-cp310-cp310-win_amd64.whl", hash = "sha256:c0dc071017bc00abb7d7201bac06fa80333c6314477b3d10b52b58fa6a6e38f6"},
    {file = "numpy-1.25.0-cp311-cp311-macosx_10_9_x86_64.whl", hash = "sha256:4c69fe5f05eea336b7a740e114dec995e2f927003c30702d896892403df6dbf0"},
    {file = "numpy-1.25.0-cp311-cp311-macosx_11_0_arm64.whl", hash = "sha256:9c7211d7920b97aeca7b3773a6783492b5b93baba39e7c36054f6e749fc7490c"},
    {file = "numpy-1.25.0-cp311-cp311-manylinux_2_17_aarch64.manylinux2014_aarch64.whl", hash = "sha256:ecc68f11404930e9c7ecfc937aa423e1e50158317bf67ca91736a9864eae0232"},
    {file = "numpy-1.25.0-cp311-cp311-manylinux_2_17_x86_64.manylinux2014_x86_64.whl", hash = "sha256:e559c6afbca484072a98a51b6fa466aae785cfe89b69e8b856c3191bc8872a82"},
    {file = "numpy-1.25.0-cp311-cp311-musllinux_1_1_x86_64.whl", hash = "sha256:6c284907e37f5e04d2412950960894b143a648dea3f79290757eb878b91acbd1"},
    {file = "numpy-1.25.0-cp311-cp311-win32.whl", hash = "sha256:95367ccd88c07af21b379be1725b5322362bb83679d36691f124a16357390153"},
    {file = "numpy-1.25.0-cp311-cp311-win_amd64.whl", hash = "sha256:b76aa836a952059d70a2788a2d98cb2a533ccd46222558b6970348939e55fc24"},
    {file = "numpy-1.25.0-cp39-cp39-macosx_10_9_x86_64.whl", hash = "sha256:b792164e539d99d93e4e5e09ae10f8cbe5466de7d759fc155e075237e0c274e4"},
    {file = "numpy-1.25.0-cp39-cp39-macosx_11_0_arm64.whl", hash = "sha256:7cd981ccc0afe49b9883f14761bb57c964df71124dcd155b0cba2b591f0d64b9"},
    {file = "numpy-1.25.0-cp39-cp39-manylinux_2_17_aarch64.manylinux2014_aarch64.whl", hash = "sha256:5aa48bebfb41f93043a796128854b84407d4df730d3fb6e5dc36402f5cd594c0"},
    {file = "numpy-1.25.0-cp39-cp39-manylinux_2_17_x86_64.manylinux2014_x86_64.whl", hash = "sha256:5177310ac2e63d6603f659fadc1e7bab33dd5a8db4e0596df34214eeab0fee3b"},
    {file = "numpy-1.25.0-cp39-cp39-musllinux_1_1_x86_64.whl", hash = "sha256:0ac6edfb35d2a99aaf102b509c8e9319c499ebd4978df4971b94419a116d0790"},
    {file = "numpy-1.25.0-cp39-cp39-win32.whl", hash = "sha256:7412125b4f18aeddca2ecd7219ea2d2708f697943e6f624be41aa5f8a9852cc4"},
    {file = "numpy-1.25.0-cp39-cp39-win_amd64.whl", hash = "sha256:26815c6c8498dc49d81faa76d61078c4f9f0859ce7817919021b9eba72b425e3"},
    {file = "numpy-1.25.0-pp39-pypy39_pp73-macosx_10_9_x86_64.whl", hash = "sha256:5b1b90860bf7d8a8c313b372d4f27343a54f415b20fb69dd601b7efe1029c91e"},
    {file = "numpy-1.25.0-pp39-pypy39_pp73-manylinux_2_17_x86_64.manylinux2014_x86_64.whl", hash = "sha256:85cdae87d8c136fd4da4dad1e48064d700f63e923d5af6c8c782ac0df8044542"},
    {file = "numpy-1.25.0-pp39-pypy39_pp73-win_amd64.whl", hash = "sha256:cc3fda2b36482891db1060f00f881c77f9423eead4c3579629940a3e12095fe8"},
    {file = "numpy-1.25.0.tar.gz", hash = "sha256:f1accae9a28dc3cda46a91de86acf69de0d1b5f4edd44a9b0c3ceb8036dfff19"},
]

[[package]]
name = "openpyxl"
version = "3.1.2"
description = "A Python library to read/write Excel 2010 xlsx/xlsm files"
optional = false
python-versions = ">=3.6"
files = [
    {file = "openpyxl-3.1.2-py2.py3-none-any.whl", hash = "sha256:f91456ead12ab3c6c2e9491cf33ba6d08357d802192379bb482f1033ade496f5"},
    {file = "openpyxl-3.1.2.tar.gz", hash = "sha256:a6f5977418eff3b2d5500d54d9db50c8277a368436f4e4f8ddb1be3422870184"},
]

[package.dependencies]
et-xmlfile = "*"

[[package]]
name = "pandas"
version = "2.0.2"
description = "Powerful data structures for data analysis, time series, and statistics"
optional = false
python-versions = ">=3.8"
files = [
    {file = "pandas-2.0.2-cp310-cp310-macosx_10_9_x86_64.whl", hash = "sha256:9ebb9f1c22ddb828e7fd017ea265a59d80461d5a79154b49a4207bd17514d122"},
    {file = "pandas-2.0.2-cp310-cp310-macosx_11_0_arm64.whl", hash = "sha256:1eb09a242184092f424b2edd06eb2b99d06dc07eeddff9929e8667d4ed44e181"},
    {file = "pandas-2.0.2-cp310-cp310-manylinux_2_17_aarch64.manylinux2014_aarch64.whl", hash = "sha256:c7319b6e68de14e6209460f72a8d1ef13c09fb3d3ef6c37c1e65b35d50b5c145"},
    {file = "pandas-2.0.2-cp310-cp310-manylinux_2_17_x86_64.manylinux2014_x86_64.whl", hash = "sha256:dd46bde7309088481b1cf9c58e3f0e204b9ff9e3244f441accd220dd3365ce7c"},
    {file = "pandas-2.0.2-cp310-cp310-win32.whl", hash = "sha256:51a93d422fbb1bd04b67639ba4b5368dffc26923f3ea32a275d2cc450f1d1c86"},
    {file = "pandas-2.0.2-cp310-cp310-win_amd64.whl", hash = "sha256:66d00300f188fa5de73f92d5725ced162488f6dc6ad4cecfe4144ca29debe3b8"},
    {file = "pandas-2.0.2-cp311-cp311-macosx_10_9_x86_64.whl", hash = "sha256:02755de164da6827764ceb3bbc5f64b35cb12394b1024fdf88704d0fa06e0e2f"},
    {file = "pandas-2.0.2-cp311-cp311-macosx_11_0_arm64.whl", hash = "sha256:0a1e0576611641acde15c2322228d138258f236d14b749ad9af498ab69089e2d"},
    {file = "pandas-2.0.2-cp311-cp311-manylinux_2_17_aarch64.manylinux2014_aarch64.whl", hash = "sha256:a6b5f14cd24a2ed06e14255ff40fe2ea0cfaef79a8dd68069b7ace74bd6acbba"},
    {file = "pandas-2.0.2-cp311-cp311-manylinux_2_17_x86_64.manylinux2014_x86_64.whl", hash = "sha256:50e451932b3011b61d2961b4185382c92cc8c6ee4658dcd4f320687bb2d000ee"},
    {file = "pandas-2.0.2-cp311-cp311-win32.whl", hash = "sha256:7b21cb72958fc49ad757685db1919021d99650d7aaba676576c9e88d3889d456"},
    {file = "pandas-2.0.2-cp311-cp311-win_amd64.whl", hash = "sha256:c4af689352c4fe3d75b2834933ee9d0ccdbf5d7a8a7264f0ce9524e877820c08"},
    {file = "pandas-2.0.2-cp38-cp38-macosx_10_9_x86_64.whl", hash = "sha256:69167693cb8f9b3fc060956a5d0a0a8dbfed5f980d9fd2c306fb5b9c855c814c"},
    {file = "pandas-2.0.2-cp38-cp38-macosx_11_0_arm64.whl", hash = "sha256:30a89d0fec4263ccbf96f68592fd668939481854d2ff9da709d32a047689393b"},
    {file = "pandas-2.0.2-cp38-cp38-manylinux_2_17_aarch64.manylinux2014_aarch64.whl", hash = "sha256:a18e5c72b989ff0f7197707ceddc99828320d0ca22ab50dd1b9e37db45b010c0"},
    {file = "pandas-2.0.2-cp38-cp38-manylinux_2_17_x86_64.manylinux2014_x86_64.whl", hash = "sha256:7376e13d28eb16752c398ca1d36ccfe52bf7e887067af9a0474de6331dd948d2"},
    {file = "pandas-2.0.2-cp38-cp38-win32.whl", hash = "sha256:6d6d10c2142d11d40d6e6c0a190b1f89f525bcf85564707e31b0a39e3b398e08"},
    {file = "pandas-2.0.2-cp38-cp38-win_amd64.whl", hash = "sha256:e69140bc2d29a8556f55445c15f5794490852af3de0f609a24003ef174528b79"},
    {file = "pandas-2.0.2-cp39-cp39-macosx_10_9_x86_64.whl", hash = "sha256:b42b120458636a981077cfcfa8568c031b3e8709701315e2bfa866324a83efa8"},
    {file = "pandas-2.0.2-cp39-cp39-macosx_11_0_arm64.whl", hash = "sha256:f908a77cbeef9bbd646bd4b81214cbef9ac3dda4181d5092a4aa9797d1bc7774"},
    {file = "pandas-2.0.2-cp39-cp39-manylinux_2_17_aarch64.manylinux2014_aarch64.whl", hash = "sha256:713f2f70abcdade1ddd68fc91577cb090b3544b07ceba78a12f799355a13ee44"},
    {file = "pandas-2.0.2-cp39-cp39-manylinux_2_17_x86_64.manylinux2014_x86_64.whl", hash = "sha256:cf3f0c361a4270185baa89ec7ab92ecaa355fe783791457077473f974f654df5"},
    {file = "pandas-2.0.2-cp39-cp39-win32.whl", hash = "sha256:598e9020d85a8cdbaa1815eb325a91cfff2bb2b23c1442549b8a3668e36f0f77"},
    {file = "pandas-2.0.2-cp39-cp39-win_amd64.whl", hash = "sha256:77550c8909ebc23e56a89f91b40ad01b50c42cfbfab49b3393694a50549295ea"},
    {file = "pandas-2.0.2.tar.gz", hash = "sha256:dd5476b6c3fe410ee95926873f377b856dbc4e81a9c605a0dc05aaccc6a7c6c6"},
]

[package.dependencies]
numpy = [
    {version = ">=1.21.0", markers = "python_version >= \"3.10\""},
    {version = ">=1.23.2", markers = "python_version >= \"3.11\""},
]
python-dateutil = ">=2.8.2"
pytz = ">=2020.1"
tzdata = ">=2022.1"

[package.extras]
all = ["PyQt5 (>=5.15.1)", "SQLAlchemy (>=1.4.16)", "beautifulsoup4 (>=4.9.3)", "bottleneck (>=1.3.2)", "brotlipy (>=0.7.0)", "fastparquet (>=0.6.3)", "fsspec (>=2021.07.0)", "gcsfs (>=2021.07.0)", "html5lib (>=1.1)", "hypothesis (>=6.34.2)", "jinja2 (>=3.0.0)", "lxml (>=4.6.3)", "matplotlib (>=3.6.1)", "numba (>=0.53.1)", "numexpr (>=2.7.3)", "odfpy (>=1.4.1)", "openpyxl (>=3.0.7)", "pandas-gbq (>=0.15.0)", "psycopg2 (>=2.8.6)", "pyarrow (>=7.0.0)", "pymysql (>=1.0.2)", "pyreadstat (>=1.1.2)", "pytest (>=7.0.0)", "pytest-asyncio (>=0.17.0)", "pytest-xdist (>=2.2.0)", "python-snappy (>=0.6.0)", "pyxlsb (>=1.0.8)", "qtpy (>=2.2.0)", "s3fs (>=2021.08.0)", "scipy (>=1.7.1)", "tables (>=3.6.1)", "tabulate (>=0.8.9)", "xarray (>=0.21.0)", "xlrd (>=2.0.1)", "xlsxwriter (>=1.4.3)", "zstandard (>=0.15.2)"]
aws = ["s3fs (>=2021.08.0)"]
clipboard = ["PyQt5 (>=5.15.1)", "qtpy (>=2.2.0)"]
compression = ["brotlipy (>=0.7.0)", "python-snappy (>=0.6.0)", "zstandard (>=0.15.2)"]
computation = ["scipy (>=1.7.1)", "xarray (>=0.21.0)"]
excel = ["odfpy (>=1.4.1)", "openpyxl (>=3.0.7)", "pyxlsb (>=1.0.8)", "xlrd (>=2.0.1)", "xlsxwriter (>=1.4.3)"]
feather = ["pyarrow (>=7.0.0)"]
fss = ["fsspec (>=2021.07.0)"]
gcp = ["gcsfs (>=2021.07.0)", "pandas-gbq (>=0.15.0)"]
hdf5 = ["tables (>=3.6.1)"]
html = ["beautifulsoup4 (>=4.9.3)", "html5lib (>=1.1)", "lxml (>=4.6.3)"]
mysql = ["SQLAlchemy (>=1.4.16)", "pymysql (>=1.0.2)"]
output-formatting = ["jinja2 (>=3.0.0)", "tabulate (>=0.8.9)"]
parquet = ["pyarrow (>=7.0.0)"]
performance = ["bottleneck (>=1.3.2)", "numba (>=0.53.1)", "numexpr (>=2.7.1)"]
plot = ["matplotlib (>=3.6.1)"]
postgresql = ["SQLAlchemy (>=1.4.16)", "psycopg2 (>=2.8.6)"]
spss = ["pyreadstat (>=1.1.2)"]
sql-other = ["SQLAlchemy (>=1.4.16)"]
test = ["hypothesis (>=6.34.2)", "pytest (>=7.0.0)", "pytest-asyncio (>=0.17.0)", "pytest-xdist (>=2.2.0)"]
xml = ["lxml (>=4.6.3)"]

[[package]]
name = "pyparsing"
version = "3.1.0"
description = "pyparsing module - Classes and methods to define and execute parsing grammars"
optional = false
python-versions = ">=3.6.8"
files = [
    {file = "pyparsing-3.1.0-py3-none-any.whl", hash = "sha256:d554a96d1a7d3ddaf7183104485bc19fd80543ad6ac5bdb6426719d766fb06c1"},
    {file = "pyparsing-3.1.0.tar.gz", hash = "sha256:edb662d6fe322d6e990b1594b5feaeadf806803359e3d4d42f11e295e588f0ea"},
]

[package.extras]
diagrams = ["jinja2", "railroad-diagrams"]

[[package]]
name = "python-dateutil"
version = "2.8.2"
description = "Extensions to the standard Python datetime module"
optional = false
python-versions = "!=3.0.*,!=3.1.*,!=3.2.*,>=2.7"
files = [
    {file = "python-dateutil-2.8.2.tar.gz", hash = "sha256:0123cacc1627ae19ddf3c27a5de5bd67ee4586fbdd6440d9748f8abb483d3e86"},
    {file = "python_dateutil-2.8.2-py2.py3-none-any.whl", hash = "sha256:961d03dc3453ebbc59dbdea9e4e11c5651520a876d0f4db161e8674aae935da9"},
]

[package.dependencies]
six = ">=1.5"

[[package]]
name = "pytz"
version = "2023.3"
description = "World timezone definitions, modern and historical"
optional = false
python-versions = "*"
files = [
    {file = "pytz-2023.3-py2.py3-none-any.whl", hash = "sha256:a151b3abb88eda1d4e34a9814df37de2a80e301e68ba0fd856fb9b46bfbbbffb"},
    {file = "pytz-2023.3.tar.gz", hash = "sha256:1d8ce29db189191fb55338ee6d0387d82ab59f3d00eac103412d64e0ebd0c588"},
]

[[package]]
name = "rdfdf"
version = "0.1.3"
description = ""
optional = false
python-versions = ">=3.10,<4.0"
files = [
    {file = "rdfdf-0.1.3-py3-none-any.whl", hash = "sha256:857a650dc1fca45d250b2da9ca24e7e6ae79b38b1a2739336cce312fb206d4e5"},
    {file = "rdfdf-0.1.3.tar.gz", hash = "sha256:8895af1fe94f864d181768006ee89610946730cceb71219c350889587c6c0713"},
]

[package.dependencies]
langcodes = {version = ">=3.3.0,<4.0.0", extras = ["data"]}
openpyxl = ">=3.1.2,<4.0.0"
pandas = ">=2.0.1,<3.0.0"
rdflib = ">=6.3.2,<7.0.0"

[[package]]
name = "rdflib"
version = "6.3.2"
description = "RDFLib is a Python library for working with RDF, a simple yet powerful language for representing information."
optional = false
python-versions = ">=3.7,<4.0"
files = [
    {file = "rdflib-6.3.2-py3-none-any.whl", hash = "sha256:36b4e74a32aa1e4fa7b8719876fb192f19ecd45ff932ea5ebbd2e417a0247e63"},
    {file = "rdflib-6.3.2.tar.gz", hash = "sha256:72af591ff704f4caacea7ecc0c5a9056b8553e0489dd4f35a9bc52dbd41522e0"},
]

[package.dependencies]
isodate = ">=0.6.0,<0.7.0"
pyparsing = ">=2.1.0,<4"

[package.extras]
berkeleydb = ["berkeleydb (>=18.1.0,<19.0.0)"]
html = ["html5lib (>=1.0,<2.0)"]
lxml = ["lxml (>=4.3.0,<5.0.0)"]
networkx = ["networkx (>=2.0.0,<3.0.0)"]

[[package]]
name = "setuptools"
version = "68.0.0"
description = "Easily download, build, install, upgrade, and uninstall Python packages"
optional = false
python-versions = ">=3.7"
files = [
    {file = "setuptools-68.0.0-py3-none-any.whl", hash = "sha256:11e52c67415a381d10d6b462ced9cfb97066179f0e871399e006c4ab101fc85f"},
    {file = "setuptools-68.0.0.tar.gz", hash = "sha256:baf1fdb41c6da4cd2eae722e135500da913332ab3f2f5c7d33af9b492acb5235"},
]

[package.extras]
docs = ["furo", "jaraco.packaging (>=9)", "jaraco.tidelift (>=1.4)", "pygments-github-lexers (==0.0.5)", "rst.linker (>=1.9)", "sphinx (>=3.5)", "sphinx-favicon", "sphinx-hoverxref (<2)", "sphinx-inline-tabs", "sphinx-lint", "sphinx-notfound-page (==0.8.3)", "sphinx-reredirects", "sphinxcontrib-towncrier"]
testing = ["build[virtualenv]", "filelock (>=3.4.0)", "flake8-2020", "ini2toml[lite] (>=0.9)", "jaraco.envs (>=2.2)", "jaraco.path (>=3.2.0)", "pip (>=19.1)", "pip-run (>=8.8)", "pytest (>=6)", "pytest-black (>=0.3.7)", "pytest-checkdocs (>=2.4)", "pytest-cov", "pytest-enabler (>=1.3)", "pytest-mypy (>=0.9.1)", "pytest-perf", "pytest-ruff", "pytest-timeout", "pytest-xdist", "tomli-w (>=1.0.0)", "virtualenv (>=13.0.0)", "wheel"]
testing-integration = ["build[virtualenv]", "filelock (>=3.4.0)", "jaraco.envs (>=2.2)", "jaraco.path (>=3.2.0)", "pytest", "pytest-enabler", "pytest-xdist", "tomli", "virtualenv (>=13.0.0)", "wheel"]

[[package]]
name = "shortuuid"
version = "1.0.11"
description = "A generator library for concise, unambiguous and URL-safe UUIDs."
optional = false
python-versions = ">=3.5"
files = [
    {file = "shortuuid-1.0.11-py3-none-any.whl", hash = "sha256:27ea8f28b1bd0bf8f15057a3ece57275d2059d2b0bb02854f02189962c13b6aa"},
    {file = "shortuuid-1.0.11.tar.gz", hash = "sha256:fc75f2615914815a8e4cb1501b3a513745cb66ef0fd5fc6fb9f8c3fa3481f789"},
]

[[package]]
name = "six"
version = "1.16.0"
description = "Python 2 and 3 compatibility utilities"
optional = false
python-versions = ">=2.7, !=3.0.*, !=3.1.*, !=3.2.*"
files = [
    {file = "six-1.16.0-py2.py3-none-any.whl", hash = "sha256:8abb2f1d86890a2dfb989f9a77cfcfd3e47c2a354b01111771326f8aa26e0254"},
    {file = "six-1.16.0.tar.gz", hash = "sha256:1e61c37477a1626458e36f7b1d82aa5c9b094fa4802892072e49de9c60c4c926"},
]

[[package]]
name = "tzdata"
version = "2023.3"
description = "Provider of IANA time zone data"
optional = false
python-versions = ">=2"
files = [
    {file = "tzdata-2023.3-py2.py3-none-any.whl", hash = "sha256:7e65763eef3120314099b6939b5546db7adce1e7d6f2e179e3df563c70511eda"},
    {file = "tzdata-2023.3.tar.gz", hash = "sha256:11ef1e08e54acb0d4f95bdb1be05da659673de4acbd21bf9c69e94cc5e907a3a"},
]

[metadata]
lock-version = "2.0"
python-versions = "^3.11"
content-hash = "34b97a42d1644a0d705cb9f01673742ed9a9ecdbc040d67ce18d8bcf3736940c"
